
Microsoft Visual Studio Solution File, Format Version 12.00
# Visual Studio 14
VisualStudioVersion = 14.0.23107.0
MinimumVisualStudioVersion = 10.0.40219.1
Project("{8BC9CEB8-8B4A-11D0-8D11-00A0C91BC942}") = "GbsViewer", "GbsViewer\GbsViewer.vcxproj", "{D80BC546-E88C-4698-B90F-733B2B16DD15}"
EndProject
Project("{8BC9CEB8-8B4A-11D0-8D11-00A0C91BC942}") = "GCoreLibV2", "GCoreLibV2\GBasisLibV2.vcxproj", "{62B09430-89AB-4EAE-9107-DA502BC5270E}"
EndProject
Project("{8BC9CEB8-8B4A-11D0-8D11-00A0C91BC942}") = "GciAnimation", "GciAnimation\GciAnimation.vcxproj", "{D98D7107-299F-4592-90CC-40570A925591}"
EndProject
Project("{8BC9CEB8-8B4A-11D0-8D11-00A0C91BC942}") = "GskViewer", "GskViewer\GskViewer.vcxproj", "{35DB9F83-FF16-45CC-883E-5F2553CDDE0D}"
EndProject
Project("{8BC9CEB8-8B4A-11D0-8D11-00A0C91BC942}") = "GmtViewer", "GmtViewer\GmtViewer.vcxproj", "{109CAE9E-6CDB-462F-BDC5-0DB6CBD7F10C}"
EndProject
Project("{8BC9CEB8-8B4A-11D0-8D11-00A0C91BC942}") = "GciCharTool", "GciCharTool\GciCharTool.vcxproj", "{90A8EBD7-DC71-4143-BA4B-B02EAECA0D44}"
EndProject
Project("{8BC9CEB8-8B4A-11D0-8D11-00A0C91BC942}") = "GMapTool", "GMapTool\GMapTool.vcxproj", "{38521BFF-3E78-4008-A68E-F557075390D1}"
EndProject
Project("{8BC9CEB8-8B4A-11D0-8D11-00A0C91BC942}") = "ENPGame", "ENPGame\ENPGame.vcxproj", "{A925E2E1-94AC-466D-9B61-A8F955EE9C35}"
EndProject
Project("{8BC9CEB8-8B4A-11D0-8D11-00A0C91BC942}") = "KEffectTool", "KEffectTool\KEffectTool.vcxproj", "{676CC919-7A13-4A21-B4B0-7F4509621E94}"
EndProject
Project("{8BC9CEB8-8B4A-11D0-8D11-00A0C91BC942}") = "GCharCore", "GCharCore\GCharCore.vcxproj", "{5E4B3BCF-83BB-44FE-8EC9-51301ABC372E}"
EndProject
Project("{8BC9CEB8-8B4A-11D0-8D11-00A0C91BC942}") = "GMapCore", "GMapCore\GMapCore.vcxproj", "{08641199-2CEA-4047-9025-CCC44C65D56C}"
EndProject
Project("{8BC9CEB8-8B4A-11D0-8D11-00A0C91BC942}") = "GEffectCore", "GEffectCore\GEffectCore.vcxproj", "{1264FFDC-AFB0-46AB-803E-8DCA032F550F}"
EndProject
Project("{8BC9CEB8-8B4A-11D0-8D11-00A0C91BC942}") = "GMapCore2", "GMapCore2\GMapCore2.vcxproj", "{890FB844-596D-4266-9969-35A1654472D3}"
EndProject
Project("{2150E333-8FDC-42A3-9474-1A3956D46DE8}") = "GMap", "GMap", "{E652D78E-2A59-4F85-ABE1-908424CAC9D1}"
EndProject
Project("{2150E333-8FDC-42A3-9474-1A3956D46DE8}") = "GChar", "GChar", "{196F5741-E7BB-4733-9BEB-C98865B56120}"
EndProject
Project("{2150E333-8FDC-42A3-9474-1A3956D46DE8}") = "GCore", "GCore", "{ABF83074-D40D-44E6-B8BF-7E682CD9275C}"
EndProject
Project("{2150E333-8FDC-42A3-9474-1A3956D46DE8}") = "KEffect", "KEffect", "{A9D5D675-57FD-43F2-8EEC-B399E499BE02}"
EndProject
Project("{2150E333-8FDC-42A3-9474-1A3956D46DE8}") = "ENPMain", "ENPMain", "{168B6BAA-0C67-4182-9203-15735F4F8753}"
EndProject
Project("{8BC9CEB8-8B4A-11D0-8D11-00A0C91BC942}") = "GMapSample_0", "GMapSample_0\GMapSample_0.vcxproj", "{7C08FAC7-EBB0-4E74-BFD0-548213AE3483}"
	ProjectSection(ProjectDependencies) = postProject
		{890FB844-596D-4266-9969-35A1654472D3} = {890FB844-596D-4266-9969-35A1654472D3}
	EndProjectSection
EndProject
Project("{8BC9CEB8-8B4A-11D0-8D11-00A0C91BC942}") = "ENPTest", "ENPTest\ENPTest.vcxproj", "{C5B5E30C-8FEC-447A-ACD3-40CC260825E8}"
EndProject
Project("{2150E333-8FDC-42A3-9474-1A3956D46DE8}") = "GCoreSample", "GCoreSample", "{08C84B95-560B-4C1E-92DC-12F70876C10E}"
EndProject
Project("{8BC9CEB8-8B4A-11D0-8D11-00A0C91BC942}") = "GSmpBBox", "GSmpBBox\GSmpBBox.vcxproj", "{8D08CC2F-F51B-4D64-A0A5-2588D8D532C3}"
EndProject
Project("{8BC9CEB8-8B4A-11D0-8D11-00A0C91BC942}") = "GSmpTemplate", "GSmpTemplate\GSmpTemplate.vcxproj", "{A3F36FAC-CFA4-4228-9676-224AF1354D73}"
EndProject
Project("{8BC9CEB8-8B4A-11D0-8D11-00A0C91BC942}") = "FSMTest", "FSMTest\FSMTest.vcxproj", "{C0446662-2431-4685-A539-C6B5E64C8937}"
EndProject
Project("{8BC9CEB8-8B4A-11D0-8D11-00A0C91BC942}") = "GSmpBBoxCol", "GSmpBBoxCol\GSmpBBoxCol.vcxproj", "{AB459733-2189-482B-AEF8-F2827B0DE2C3}"
EndProject
Project("{8BC9CEB8-8B4A-11D0-8D11-00A0C91BC942}") = "ENP_1st_demo", "ENP_1st_demo\ENP_1st_demo.vcxproj", "{5E747864-7F42-4B99-8832-3BFBED31D866}"
EndProject
Project("{8BC9CEB8-8B4A-11D0-8D11-00A0C91BC942}") = "ENP_2nd_demo", "ENP_2nd_demo\ENP_2nd_demo.vcxproj", "{D075E2BD-D313-4411-87D8-E06B40D5A55A}"
EndProject
Project("{8BC9CEB8-8B4A-11D0-8D11-00A0C91BC942}") = "ENP_3rd_demo", "ENP_3rd_demo\ENP_3rd_demo.vcxproj", "{6A89D4D6-5808-44DC-B297-82BAD7F2AD86}"
EndProject
Project("{8BC9CEB8-8B4A-11D0-8D11-00A0C91BC942}") = "GSmpObj", "GSmpObj\GSmpObj.vcxproj", "{A67E1C7D-E58F-4FF6-A83D-222F97093CEF}"
EndProject
Project("{8BC9CEB8-8B4A-11D0-8D11-00A0C91BC942}") = "GSmpCharAni", "GSmpCharAni\GSmpCharAni.vcxproj", "{D9A0E299-E72B-4FCF-871C-DF316824D9FA}"
EndProject
Project("{8BC9CEB8-8B4A-11D0-8D11-00A0C91BC942}") = "GSmpGunShot", "GSmpGunShot\GSmpGunShot.vcxproj", "{F088269F-306D-4E9D-AD84-F0D0C6AE17C2}"
EndProject
Project("{2150E333-8FDC-42A3-9474-1A3956D46DE8}") = "KFSM", "KFSM", "{924C030D-11AD-4FAF-8C45-D7B4C3D5E666}"
EndProject
Project("{8BC9CEB8-8B4A-11D0-8D11-00A0C91BC942}") = "FSMTest2", "FSMTest2\FSMTest2.vcxproj", "{581884A0-BCE8-4A3E-BC42-BC2D3E9DE2CB}"
EndProject
Project("{8BC9CEB8-8B4A-11D0-8D11-00A0C91BC942}") = "GSmpCharHero", "GSmpCharHero\GSmpCharHero.vcxproj", "{685B4A62-5017-4981-97A4-8E06760227FF}"
EndProject
Project("{8BC9CEB8-8B4A-11D0-8D11-00A0C91BC942}") = "GSmpFrustumCulling", "GSmpFrustumCulling\GSmpFrustumCulling.vcxproj", "{46530091-B901-420A-BB9D-A0186BA87633}"
EndProject
Project("{2150E333-8FDC-42A3-9474-1A3956D46DE8}") = "GUI", "GUI", "{D4342043-8306-4EAA-87E6-AD00DF10DF5B}"
EndProject
Project("{8BC9CEB8-8B4A-11D0-8D11-00A0C91BC942}") = "GUITool", "GUITool\GUITool.vcxproj", "{8E85C8E8-7C86-4983-94A9-57D78962C1C2}"
EndProject
Project("{8BC9CEB8-8B4A-11D0-8D11-00A0C91BC942}") = "GSmpUI", "GSmpUI\GSmpUI.vcxproj", "{F2DF7E9E-50F7-464A-B0E9-BD9C3EB4139B}"
EndProject
Project("{8BC9CEB8-8B4A-11D0-8D11-00A0C91BC942}") = "GSmpUI2", "GSmpUI2\GSmpUI2.vcxproj", "{4E51980C-C002-469A-BFEF-41D644284517}"
EndProject
Project("{8BC9CEB8-8B4A-11D0-8D11-00A0C91BC942}") = "GSmpFrustumCulling2", "GSmpFrustumCulling2\GSmpFrustumCulling2.vcxproj", "{32780450-6EA7-4EA6-9D71-7FDDBB3D7101}"
EndProject
Project("{8BC9CEB8-8B4A-11D0-8D11-00A0C91BC942}") = "GSmpCharAni2", "GSmpCharAni2\GSmpCharAni2.vcxproj", "{AC864A9B-34B5-4995-871D-0AA9DAACCD6E}"
EndProject
Project("{8BC9CEB8-8B4A-11D0-8D11-00A0C91BC942}") = "GSmpFrustumCulling3", "GSmpFrustumCulling3\GSmpFrustumCulling3.vcxproj", "{668041D6-DB52-4565-BE5C-3C0699329E86}"
EndProject
Global
	GlobalSection(SolutionConfigurationPlatforms) = preSolution
		Debug|x64 = Debug|x64
		Debug|x86 = Debug|x86
		Hybrid|x64 = Hybrid|x64
		Hybrid|x86 = Hybrid|x86
		Release|x64 = Release|x64
		Release|x86 = Release|x86
	EndGlobalSection
	GlobalSection(ProjectConfigurationPlatforms) = postSolution
		{D80BC546-E88C-4698-B90F-733B2B16DD15}.Debug|x64.ActiveCfg = Debug|Win32
		{D80BC546-E88C-4698-B90F-733B2B16DD15}.Debug|x86.ActiveCfg = Debug|Win32
		{D80BC546-E88C-4698-B90F-733B2B16DD15}.Debug|x86.Build.0 = Debug|Win32
		{D80BC546-E88C-4698-B90F-733B2B16DD15}.Hybrid|x64.ActiveCfg = Release|Win32
		{D80BC546-E88C-4698-B90F-733B2B16DD15}.Hybrid|x64.Build.0 = Release|Win32
		{D80BC546-E88C-4698-B90F-733B2B16DD15}.Hybrid|x86.ActiveCfg = Release|Win32
		{D80BC546-E88C-4698-B90F-733B2B16DD15}.Hybrid|x86.Build.0 = Release|Win32
		{D80BC546-E88C-4698-B90F-733B2B16DD15}.Release|x64.ActiveCfg = Release|Win32
		{D80BC546-E88C-4698-B90F-733B2B16DD15}.Release|x86.ActiveCfg = Release|Win32
		{D80BC546-E88C-4698-B90F-733B2B16DD15}.Release|x86.Build.0 = Release|Win32
		{62B09430-89AB-4EAE-9107-DA502BC5270E}.Debug|x64.ActiveCfg = Debug|Win32
		{62B09430-89AB-4EAE-9107-DA502BC5270E}.Debug|x86.ActiveCfg = Debug|Win32
		{62B09430-89AB-4EAE-9107-DA502BC5270E}.Debug|x86.Build.0 = Debug|Win32
		{62B09430-89AB-4EAE-9107-DA502BC5270E}.Hybrid|x64.ActiveCfg = Release|Win32
		{62B09430-89AB-4EAE-9107-DA502BC5270E}.Hybrid|x64.Build.0 = Release|Win32
		{62B09430-89AB-4EAE-9107-DA502BC5270E}.Hybrid|x86.ActiveCfg = Release|Win32
		{62B09430-89AB-4EAE-9107-DA502BC5270E}.Hybrid|x86.Build.0 = Release|Win32
		{62B09430-89AB-4EAE-9107-DA502BC5270E}.Release|x64.ActiveCfg = Release|Win32
		{62B09430-89AB-4EAE-9107-DA502BC5270E}.Release|x86.ActiveCfg = Release|Win32
		{62B09430-89AB-4EAE-9107-DA502BC5270E}.Release|x86.Build.0 = Release|Win32
		{D98D7107-299F-4592-90CC-40570A925591}.Debug|x64.ActiveCfg = Debug|Win32
		{D98D7107-299F-4592-90CC-40570A925591}.Debug|x86.ActiveCfg = Debug|Win32
		{D98D7107-299F-4592-90CC-40570A925591}.Debug|x86.Build.0 = Debug|Win32
		{D98D7107-299F-4592-90CC-40570A925591}.Hybrid|x64.ActiveCfg = Release|Win32
		{D98D7107-299F-4592-90CC-40570A925591}.Hybrid|x64.Build.0 = Release|Win32
		{D98D7107-299F-4592-90CC-40570A925591}.Hybrid|x86.ActiveCfg = Release|Win32
		{D98D7107-299F-4592-90CC-40570A925591}.Hybrid|x86.Build.0 = Release|Win32
		{D98D7107-299F-4592-90CC-40570A925591}.Release|x64.ActiveCfg = Release|Win32
		{D98D7107-299F-4592-90CC-40570A925591}.Release|x86.ActiveCfg = Release|Win32
		{D98D7107-299F-4592-90CC-40570A925591}.Release|x86.Build.0 = Release|Win32
		{35DB9F83-FF16-45CC-883E-5F2553CDDE0D}.Debug|x64.ActiveCfg = Debug|Win32
		{35DB9F83-FF16-45CC-883E-5F2553CDDE0D}.Debug|x86.ActiveCfg = Debug|Win32
		{35DB9F83-FF16-45CC-883E-5F2553CDDE0D}.Debug|x86.Build.0 = Debug|Win32
		{35DB9F83-FF16-45CC-883E-5F2553CDDE0D}.Hybrid|x64.ActiveCfg = Release|Win32
		{35DB9F83-FF16-45CC-883E-5F2553CDDE0D}.Hybrid|x64.Build.0 = Release|Win32
		{35DB9F83-FF16-45CC-883E-5F2553CDDE0D}.Hybrid|x86.ActiveCfg = Release|Win32
		{35DB9F83-FF16-45CC-883E-5F2553CDDE0D}.Hybrid|x86.Build.0 = Release|Win32
		{35DB9F83-FF16-45CC-883E-5F2553CDDE0D}.Release|x64.ActiveCfg = Release|Win32
		{35DB9F83-FF16-45CC-883E-5F2553CDDE0D}.Release|x86.ActiveCfg = Release|Win32
		{35DB9F83-FF16-45CC-883E-5F2553CDDE0D}.Release|x86.Build.0 = Release|Win32
		{109CAE9E-6CDB-462F-BDC5-0DB6CBD7F10C}.Debug|x64.ActiveCfg = Debug|Win32
		{109CAE9E-6CDB-462F-BDC5-0DB6CBD7F10C}.Debug|x86.ActiveCfg = Debug|Win32
		{109CAE9E-6CDB-462F-BDC5-0DB6CBD7F10C}.Debug|x86.Build.0 = Debug|Win32
		{109CAE9E-6CDB-462F-BDC5-0DB6CBD7F10C}.Hybrid|x64.ActiveCfg = Release|Win32
		{109CAE9E-6CDB-462F-BDC5-0DB6CBD7F10C}.Hybrid|x64.Build.0 = Release|Win32
		{109CAE9E-6CDB-462F-BDC5-0DB6CBD7F10C}.Hybrid|x86.ActiveCfg = Release|Win32
		{109CAE9E-6CDB-462F-BDC5-0DB6CBD7F10C}.Hybrid|x86.Build.0 = Release|Win32
		{109CAE9E-6CDB-462F-BDC5-0DB6CBD7F10C}.Release|x64.ActiveCfg = Release|Win32
		{109CAE9E-6CDB-462F-BDC5-0DB6CBD7F10C}.Release|x86.ActiveCfg = Release|Win32
		{109CAE9E-6CDB-462F-BDC5-0DB6CBD7F10C}.Release|x86.Build.0 = Release|Win32
		{90A8EBD7-DC71-4143-BA4B-B02EAECA0D44}.Debug|x64.ActiveCfg = Debug|x64
		{90A8EBD7-DC71-4143-BA4B-B02EAECA0D44}.Debug|x64.Build.0 = Debug|x64
		{90A8EBD7-DC71-4143-BA4B-B02EAECA0D44}.Debug|x86.ActiveCfg = Debug|Win32
		{90A8EBD7-DC71-4143-BA4B-B02EAECA0D44}.Debug|x86.Build.0 = Debug|Win32
		{90A8EBD7-DC71-4143-BA4B-B02EAECA0D44}.Hybrid|x64.ActiveCfg = Release|x64
		{90A8EBD7-DC71-4143-BA4B-B02EAECA0D44}.Hybrid|x64.Build.0 = Release|x64
		{90A8EBD7-DC71-4143-BA4B-B02EAECA0D44}.Hybrid|x86.ActiveCfg = Release|Win32
		{90A8EBD7-DC71-4143-BA4B-B02EAECA0D44}.Hybrid|x86.Build.0 = Release|Win32
		{90A8EBD7-DC71-4143-BA4B-B02EAECA0D44}.Release|x64.ActiveCfg = Release|x64
		{90A8EBD7-DC71-4143-BA4B-B02EAECA0D44}.Release|x64.Build.0 = Release|x64
		{90A8EBD7-DC71-4143-BA4B-B02EAECA0D44}.Release|x86.ActiveCfg = Release|Win32
		{90A8EBD7-DC71-4143-BA4B-B02EAECA0D44}.Release|x86.Build.0 = Release|Win32
		{38521BFF-3E78-4008-A68E-F557075390D1}.Debug|x64.ActiveCfg = Debug|x64
		{38521BFF-3E78-4008-A68E-F557075390D1}.Debug|x64.Build.0 = Debug|x64
		{38521BFF-3E78-4008-A68E-F557075390D1}.Debug|x86.ActiveCfg = Debug|Win32
		{38521BFF-3E78-4008-A68E-F557075390D1}.Debug|x86.Build.0 = Debug|Win32
		{38521BFF-3E78-4008-A68E-F557075390D1}.Hybrid|x64.ActiveCfg = Release|x64
		{38521BFF-3E78-4008-A68E-F557075390D1}.Hybrid|x64.Build.0 = Release|x64
		{38521BFF-3E78-4008-A68E-F557075390D1}.Hybrid|x86.ActiveCfg = Release|Win32
		{38521BFF-3E78-4008-A68E-F557075390D1}.Hybrid|x86.Build.0 = Release|Win32
		{38521BFF-3E78-4008-A68E-F557075390D1}.Release|x64.ActiveCfg = Release|x64
		{38521BFF-3E78-4008-A68E-F557075390D1}.Release|x64.Build.0 = Release|x64
		{38521BFF-3E78-4008-A68E-F557075390D1}.Release|x86.ActiveCfg = Release|Win32
		{38521BFF-3E78-4008-A68E-F557075390D1}.Release|x86.Build.0 = Release|Win32
		{A925E2E1-94AC-466D-9B61-A8F955EE9C35}.Debug|x64.ActiveCfg = Debug|Win32
		{A925E2E1-94AC-466D-9B61-A8F955EE9C35}.Debug|x86.ActiveCfg = Debug|Win32
		{A925E2E1-94AC-466D-9B61-A8F955EE9C35}.Debug|x86.Build.0 = Debug|Win32
		{A925E2E1-94AC-466D-9B61-A8F955EE9C35}.Hybrid|x64.ActiveCfg = Release|Win32
		{A925E2E1-94AC-466D-9B61-A8F955EE9C35}.Hybrid|x64.Build.0 = Release|Win32
		{A925E2E1-94AC-466D-9B61-A8F955EE9C35}.Hybrid|x86.ActiveCfg = Release|Win32
		{A925E2E1-94AC-466D-9B61-A8F955EE9C35}.Hybrid|x86.Build.0 = Release|Win32
		{A925E2E1-94AC-466D-9B61-A8F955EE9C35}.Release|x64.ActiveCfg = Release|Win32
		{A925E2E1-94AC-466D-9B61-A8F955EE9C35}.Release|x86.ActiveCfg = Release|Win32
		{A925E2E1-94AC-466D-9B61-A8F955EE9C35}.Release|x86.Build.0 = Release|Win32
		{676CC919-7A13-4A21-B4B0-7F4509621E94}.Debug|x64.ActiveCfg = Debug|x64
		{676CC919-7A13-4A21-B4B0-7F4509621E94}.Debug|x64.Build.0 = Debug|x64
		{676CC919-7A13-4A21-B4B0-7F4509621E94}.Debug|x86.ActiveCfg = Debug|Win32
		{676CC919-7A13-4A21-B4B0-7F4509621E94}.Debug|x86.Build.0 = Debug|Win32
		{676CC919-7A13-4A21-B4B0-7F4509621E94}.Hybrid|x64.ActiveCfg = Release|x64
		{676CC919-7A13-4A21-B4B0-7F4509621E94}.Hybrid|x64.Build.0 = Release|x64
		{676CC919-7A13-4A21-B4B0-7F4509621E94}.Hybrid|x86.ActiveCfg = Release|Win32
		{676CC919-7A13-4A21-B4B0-7F4509621E94}.Hybrid|x86.Build.0 = Release|Win32
		{676CC919-7A13-4A21-B4B0-7F4509621E94}.Release|x64.ActiveCfg = Release|x64
		{676CC919-7A13-4A21-B4B0-7F4509621E94}.Release|x64.Build.0 = Release|x64
		{676CC919-7A13-4A21-B4B0-7F4509621E94}.Release|x86.ActiveCfg = Release|Win32
		{676CC919-7A13-4A21-B4B0-7F4509621E94}.Release|x86.Build.0 = Release|Win32
		{5E4B3BCF-83BB-44FE-8EC9-51301ABC372E}.Debug|x64.ActiveCfg = Debug|x64
		{5E4B3BCF-83BB-44FE-8EC9-51301ABC372E}.Debug|x64.Build.0 = Debug|x64
		{5E4B3BCF-83BB-44FE-8EC9-51301ABC372E}.Debug|x86.ActiveCfg = Debug|Win32
		{5E4B3BCF-83BB-44FE-8EC9-51301ABC372E}.Debug|x86.Build.0 = Debug|Win32
		{5E4B3BCF-83BB-44FE-8EC9-51301ABC372E}.Hybrid|x64.ActiveCfg = Release|x64
		{5E4B3BCF-83BB-44FE-8EC9-51301ABC372E}.Hybrid|x64.Build.0 = Release|x64
		{5E4B3BCF-83BB-44FE-8EC9-51301ABC372E}.Hybrid|x86.ActiveCfg = Release|Win32
		{5E4B3BCF-83BB-44FE-8EC9-51301ABC372E}.Hybrid|x86.Build.0 = Release|Win32
		{5E4B3BCF-83BB-44FE-8EC9-51301ABC372E}.Release|x64.ActiveCfg = Release|x64
		{5E4B3BCF-83BB-44FE-8EC9-51301ABC372E}.Release|x64.Build.0 = Release|x64
		{5E4B3BCF-83BB-44FE-8EC9-51301ABC372E}.Release|x86.ActiveCfg = Release|Win32
		{5E4B3BCF-83BB-44FE-8EC9-51301ABC372E}.Release|x86.Build.0 = Release|Win32
		{08641199-2CEA-4047-9025-CCC44C65D56C}.Debug|x64.ActiveCfg = Debug|x64
		{08641199-2CEA-4047-9025-CCC44C65D56C}.Debug|x64.Build.0 = Debug|x64
		{08641199-2CEA-4047-9025-CCC44C65D56C}.Debug|x86.ActiveCfg = Debug|Win32
		{08641199-2CEA-4047-9025-CCC44C65D56C}.Debug|x86.Build.0 = Debug|Win32
		{08641199-2CEA-4047-9025-CCC44C65D56C}.Hybrid|x64.ActiveCfg = Release|x64
		{08641199-2CEA-4047-9025-CCC44C65D56C}.Hybrid|x64.Build.0 = Release|x64
		{08641199-2CEA-4047-9025-CCC44C65D56C}.Hybrid|x86.ActiveCfg = Release|Win32
		{08641199-2CEA-4047-9025-CCC44C65D56C}.Hybrid|x86.Build.0 = Release|Win32
		{08641199-2CEA-4047-9025-CCC44C65D56C}.Release|x64.ActiveCfg = Release|x64
		{08641199-2CEA-4047-9025-CCC44C65D56C}.Release|x64.Build.0 = Release|x64
		{08641199-2CEA-4047-9025-CCC44C65D56C}.Release|x86.ActiveCfg = Release|Win32
		{08641199-2CEA-4047-9025-CCC44C65D56C}.Release|x86.Build.0 = Release|Win32
		{1264FFDC-AFB0-46AB-803E-8DCA032F550F}.Debug|x64.ActiveCfg = Debug|x64
		{1264FFDC-AFB0-46AB-803E-8DCA032F550F}.Debug|x64.Build.0 = Debug|x64
		{1264FFDC-AFB0-46AB-803E-8DCA032F550F}.Debug|x86.ActiveCfg = Debug|Win32
		{1264FFDC-AFB0-46AB-803E-8DCA032F550F}.Debug|x86.Build.0 = Debug|Win32
		{1264FFDC-AFB0-46AB-803E-8DCA032F550F}.Hybrid|x64.ActiveCfg = Release|x64
		{1264FFDC-AFB0-46AB-803E-8DCA032F550F}.Hybrid|x64.Build.0 = Release|x64
		{1264FFDC-AFB0-46AB-803E-8DCA032F550F}.Hybrid|x86.ActiveCfg = Release|Win32
		{1264FFDC-AFB0-46AB-803E-8DCA032F550F}.Hybrid|x86.Build.0 = Release|Win32
		{1264FFDC-AFB0-46AB-803E-8DCA032F550F}.Release|x64.ActiveCfg = Release|x64
		{1264FFDC-AFB0-46AB-803E-8DCA032F550F}.Release|x64.Build.0 = Release|x64
		{1264FFDC-AFB0-46AB-803E-8DCA032F550F}.Release|x86.ActiveCfg = Release|Win32
		{1264FFDC-AFB0-46AB-803E-8DCA032F550F}.Release|x86.Build.0 = Release|Win32
		{890FB844-596D-4266-9969-35A1654472D3}.Debug|x64.ActiveCfg = Debug|x64
		{890FB844-596D-4266-9969-35A1654472D3}.Debug|x64.Build.0 = Debug|x64
		{890FB844-596D-4266-9969-35A1654472D3}.Debug|x86.ActiveCfg = Debug|Win32
		{890FB844-596D-4266-9969-35A1654472D3}.Debug|x86.Build.0 = Debug|Win32
		{890FB844-596D-4266-9969-35A1654472D3}.Hybrid|x64.ActiveCfg = Release|x64
		{890FB844-596D-4266-9969-35A1654472D3}.Hybrid|x64.Build.0 = Release|x64
		{890FB844-596D-4266-9969-35A1654472D3}.Hybrid|x86.ActiveCfg = Release|Win32
		{890FB844-596D-4266-9969-35A1654472D3}.Hybrid|x86.Build.0 = Release|Win32
		{890FB844-596D-4266-9969-35A1654472D3}.Release|x64.ActiveCfg = Release|x64
		{890FB844-596D-4266-9969-35A1654472D3}.Release|x64.Build.0 = Release|x64
		{890FB844-596D-4266-9969-35A1654472D3}.Release|x86.ActiveCfg = Release|Win32
		{890FB844-596D-4266-9969-35A1654472D3}.Release|x86.Build.0 = Release|Win32
		{7C08FAC7-EBB0-4E74-BFD0-548213AE3483}.Debug|x64.ActiveCfg = Debug|x64
		{7C08FAC7-EBB0-4E74-BFD0-548213AE3483}.Debug|x64.Build.0 = Debug|x64
		{7C08FAC7-EBB0-4E74-BFD0-548213AE3483}.Debug|x86.ActiveCfg = Debug|Win32
		{7C08FAC7-EBB0-4E74-BFD0-548213AE3483}.Debug|x86.Build.0 = Debug|Win32
		{7C08FAC7-EBB0-4E74-BFD0-548213AE3483}.Hybrid|x64.ActiveCfg = Release|x64
		{7C08FAC7-EBB0-4E74-BFD0-548213AE3483}.Hybrid|x64.Build.0 = Release|x64
		{7C08FAC7-EBB0-4E74-BFD0-548213AE3483}.Hybrid|x86.ActiveCfg = Release|Win32
		{7C08FAC7-EBB0-4E74-BFD0-548213AE3483}.Hybrid|x86.Build.0 = Release|Win32
		{7C08FAC7-EBB0-4E74-BFD0-548213AE3483}.Release|x64.ActiveCfg = Release|x64
		{7C08FAC7-EBB0-4E74-BFD0-548213AE3483}.Release|x64.Build.0 = Release|x64
		{7C08FAC7-EBB0-4E74-BFD0-548213AE3483}.Release|x86.ActiveCfg = Release|Win32
		{7C08FAC7-EBB0-4E74-BFD0-548213AE3483}.Release|x86.Build.0 = Release|Win32
		{C5B5E30C-8FEC-447A-ACD3-40CC260825E8}.Debug|x64.ActiveCfg = Debug|x64
		{C5B5E30C-8FEC-447A-ACD3-40CC260825E8}.Debug|x64.Build.0 = Debug|x64
		{C5B5E30C-8FEC-447A-ACD3-40CC260825E8}.Debug|x86.ActiveCfg = Debug|Win32
		{C5B5E30C-8FEC-447A-ACD3-40CC260825E8}.Debug|x86.Build.0 = Debug|Win32
		{C5B5E30C-8FEC-447A-ACD3-40CC260825E8}.Hybrid|x64.ActiveCfg = Release|x64
		{C5B5E30C-8FEC-447A-ACD3-40CC260825E8}.Hybrid|x64.Build.0 = Release|x64
		{C5B5E30C-8FEC-447A-ACD3-40CC260825E8}.Hybrid|x86.ActiveCfg = Release|Win32
		{C5B5E30C-8FEC-447A-ACD3-40CC260825E8}.Hybrid|x86.Build.0 = Release|Win32
		{C5B5E30C-8FEC-447A-ACD3-40CC260825E8}.Release|x64.ActiveCfg = Release|x64
		{C5B5E30C-8FEC-447A-ACD3-40CC260825E8}.Release|x64.Build.0 = Release|x64
		{C5B5E30C-8FEC-447A-ACD3-40CC260825E8}.Release|x86.ActiveCfg = Release|Win32
		{C5B5E30C-8FEC-447A-ACD3-40CC260825E8}.Release|x86.Build.0 = Release|Win32
		{8D08CC2F-F51B-4D64-A0A5-2588D8D532C3}.Debug|x64.ActiveCfg = Debug|x64
		{8D08CC2F-F51B-4D64-A0A5-2588D8D532C3}.Debug|x64.Build.0 = Debug|x64
		{8D08CC2F-F51B-4D64-A0A5-2588D8D532C3}.Debug|x86.ActiveCfg = Debug|Win32
		{8D08CC2F-F51B-4D64-A0A5-2588D8D532C3}.Debug|x86.Build.0 = Debug|Win32
		{8D08CC2F-F51B-4D64-A0A5-2588D8D532C3}.Hybrid|x64.ActiveCfg = Release|x64
		{8D08CC2F-F51B-4D64-A0A5-2588D8D532C3}.Hybrid|x64.Build.0 = Release|x64
		{8D08CC2F-F51B-4D64-A0A5-2588D8D532C3}.Hybrid|x86.ActiveCfg = Release|Win32
		{8D08CC2F-F51B-4D64-A0A5-2588D8D532C3}.Hybrid|x86.Build.0 = Release|Win32
		{8D08CC2F-F51B-4D64-A0A5-2588D8D532C3}.Release|x64.ActiveCfg = Release|x64
		{8D08CC2F-F51B-4D64-A0A5-2588D8D532C3}.Release|x64.Build.0 = Release|x64
		{8D08CC2F-F51B-4D64-A0A5-2588D8D532C3}.Release|x86.ActiveCfg = Release|Win32
		{8D08CC2F-F51B-4D64-A0A5-2588D8D532C3}.Release|x86.Build.0 = Release|Win32
		{A3F36FAC-CFA4-4228-9676-224AF1354D73}.Debug|x64.ActiveCfg = Debug|x64
		{A3F36FAC-CFA4-4228-9676-224AF1354D73}.Debug|x64.Build.0 = Debug|x64
		{A3F36FAC-CFA4-4228-9676-224AF1354D73}.Debug|x86.ActiveCfg = Debug|Win32
		{A3F36FAC-CFA4-4228-9676-224AF1354D73}.Debug|x86.Build.0 = Debug|Win32
		{A3F36FAC-CFA4-4228-9676-224AF1354D73}.Hybrid|x64.ActiveCfg = Release|x64
		{A3F36FAC-CFA4-4228-9676-224AF1354D73}.Hybrid|x64.Build.0 = Release|x64
		{A3F36FAC-CFA4-4228-9676-224AF1354D73}.Hybrid|x86.ActiveCfg = Release|Win32
		{A3F36FAC-CFA4-4228-9676-224AF1354D73}.Hybrid|x86.Build.0 = Release|Win32
		{A3F36FAC-CFA4-4228-9676-224AF1354D73}.Release|x64.ActiveCfg = Release|x64
		{A3F36FAC-CFA4-4228-9676-224AF1354D73}.Release|x64.Build.0 = Release|x64
		{A3F36FAC-CFA4-4228-9676-224AF1354D73}.Release|x86.ActiveCfg = Release|Win32
		{A3F36FAC-CFA4-4228-9676-224AF1354D73}.Release|x86.Build.0 = Release|Win32
		{C0446662-2431-4685-A539-C6B5E64C8937}.Debug|x64.ActiveCfg = Debug|x64
		{C0446662-2431-4685-A539-C6B5E64C8937}.Debug|x64.Build.0 = Debug|x64
		{C0446662-2431-4685-A539-C6B5E64C8937}.Debug|x86.ActiveCfg = Debug|Win32
		{C0446662-2431-4685-A539-C6B5E64C8937}.Debug|x86.Build.0 = Debug|Win32
		{C0446662-2431-4685-A539-C6B5E64C8937}.Hybrid|x64.ActiveCfg = Release|x64
		{C0446662-2431-4685-A539-C6B5E64C8937}.Hybrid|x64.Build.0 = Release|x64
		{C0446662-2431-4685-A539-C6B5E64C8937}.Hybrid|x86.ActiveCfg = Release|Win32
		{C0446662-2431-4685-A539-C6B5E64C8937}.Hybrid|x86.Build.0 = Release|Win32
		{C0446662-2431-4685-A539-C6B5E64C8937}.Release|x64.ActiveCfg = Release|x64
		{C0446662-2431-4685-A539-C6B5E64C8937}.Release|x64.Build.0 = Release|x64
		{C0446662-2431-4685-A539-C6B5E64C8937}.Release|x86.ActiveCfg = Release|Win32
		{C0446662-2431-4685-A539-C6B5E64C8937}.Release|x86.Build.0 = Release|Win32
		{AB459733-2189-482B-AEF8-F2827B0DE2C3}.Debug|x64.ActiveCfg = Debug|x64
		{AB459733-2189-482B-AEF8-F2827B0DE2C3}.Debug|x64.Build.0 = Debug|x64
		{AB459733-2189-482B-AEF8-F2827B0DE2C3}.Debug|x86.ActiveCfg = Debug|Win32
		{AB459733-2189-482B-AEF8-F2827B0DE2C3}.Debug|x86.Build.0 = Debug|Win32
		{AB459733-2189-482B-AEF8-F2827B0DE2C3}.Hybrid|x64.ActiveCfg = Release|x64
		{AB459733-2189-482B-AEF8-F2827B0DE2C3}.Hybrid|x64.Build.0 = Release|x64
		{AB459733-2189-482B-AEF8-F2827B0DE2C3}.Hybrid|x86.ActiveCfg = Release|Win32
		{AB459733-2189-482B-AEF8-F2827B0DE2C3}.Hybrid|x86.Build.0 = Release|Win32
		{AB459733-2189-482B-AEF8-F2827B0DE2C3}.Release|x64.ActiveCfg = Release|x64
		{AB459733-2189-482B-AEF8-F2827B0DE2C3}.Release|x64.Build.0 = Release|x64
		{AB459733-2189-482B-AEF8-F2827B0DE2C3}.Release|x86.ActiveCfg = Release|Win32
		{AB459733-2189-482B-AEF8-F2827B0DE2C3}.Release|x86.Build.0 = Release|Win32
		{5E747864-7F42-4B99-8832-3BFBED31D866}.Debug|x64.ActiveCfg = Debug|Win32
		{5E747864-7F42-4B99-8832-3BFBED31D866}.Debug|x86.ActiveCfg = Debug|Win32
		{5E747864-7F42-4B99-8832-3BFBED31D866}.Debug|x86.Build.0 = Debug|Win32
		{5E747864-7F42-4B99-8832-3BFBED31D866}.Hybrid|x64.ActiveCfg = Release|Win32
		{5E747864-7F42-4B99-8832-3BFBED31D866}.Hybrid|x64.Build.0 = Release|Win32
		{5E747864-7F42-4B99-8832-3BFBED31D866}.Hybrid|x86.ActiveCfg = Release|Win32
		{5E747864-7F42-4B99-8832-3BFBED31D866}.Hybrid|x86.Build.0 = Release|Win32
		{5E747864-7F42-4B99-8832-3BFBED31D866}.Release|x64.ActiveCfg = Release|Win32
		{5E747864-7F42-4B99-8832-3BFBED31D866}.Release|x86.ActiveCfg = Release|Win32
		{5E747864-7F42-4B99-8832-3BFBED31D866}.Release|x86.Build.0 = Release|Win32
		{D075E2BD-D313-4411-87D8-E06B40D5A55A}.Debug|x64.ActiveCfg = Debug|Win32
		{D075E2BD-D313-4411-87D8-E06B40D5A55A}.Debug|x86.ActiveCfg = Debug|Win32
		{D075E2BD-D313-4411-87D8-E06B40D5A55A}.Debug|x86.Build.0 = Debug|Win32
		{D075E2BD-D313-4411-87D8-E06B40D5A55A}.Hybrid|x64.ActiveCfg = Release|Win32
		{D075E2BD-D313-4411-87D8-E06B40D5A55A}.Hybrid|x64.Build.0 = Release|Win32
		{D075E2BD-D313-4411-87D8-E06B40D5A55A}.Hybrid|x86.ActiveCfg = Release|Win32
		{D075E2BD-D313-4411-87D8-E06B40D5A55A}.Hybrid|x86.Build.0 = Release|Win32
		{D075E2BD-D313-4411-87D8-E06B40D5A55A}.Release|x64.ActiveCfg = Release|Win32
		{D075E2BD-D313-4411-87D8-E06B40D5A55A}.Release|x86.ActiveCfg = Release|Win32
		{D075E2BD-D313-4411-87D8-E06B40D5A55A}.Release|x86.Build.0 = Release|Win32
		{6A89D4D6-5808-44DC-B297-82BAD7F2AD86}.Debug|x64.ActiveCfg = Debug|Win32
		{6A89D4D6-5808-44DC-B297-82BAD7F2AD86}.Debug|x86.ActiveCfg = Debug|Win32
		{6A89D4D6-5808-44DC-B297-82BAD7F2AD86}.Debug|x86.Build.0 = Debug|Win32
		{6A89D4D6-5808-44DC-B297-82BAD7F2AD86}.Hybrid|x64.ActiveCfg = Release|Win32
		{6A89D4D6-5808-44DC-B297-82BAD7F2AD86}.Hybrid|x64.Build.0 = Release|Win32
		{6A89D4D6-5808-44DC-B297-82BAD7F2AD86}.Hybrid|x86.ActiveCfg = Release|Win32
		{6A89D4D6-5808-44DC-B297-82BAD7F2AD86}.Hybrid|x86.Build.0 = Release|Win32
		{6A89D4D6-5808-44DC-B297-82BAD7F2AD86}.Release|x64.ActiveCfg = Release|Win32
		{6A89D4D6-5808-44DC-B297-82BAD7F2AD86}.Release|x86.ActiveCfg = Release|Win32
		{6A89D4D6-5808-44DC-B297-82BAD7F2AD86}.Release|x86.Build.0 = Release|Win32
		{A67E1C7D-E58F-4FF6-A83D-222F97093CEF}.Debug|x64.ActiveCfg = Debug|x64
		{A67E1C7D-E58F-4FF6-A83D-222F97093CEF}.Debug|x64.Build.0 = Debug|x64
		{A67E1C7D-E58F-4FF6-A83D-222F97093CEF}.Debug|x86.ActiveCfg = Debug|Win32
		{A67E1C7D-E58F-4FF6-A83D-222F97093CEF}.Debug|x86.Build.0 = Debug|Win32
		{A67E1C7D-E58F-4FF6-A83D-222F97093CEF}.Hybrid|x64.ActiveCfg = Release|x64
		{A67E1C7D-E58F-4FF6-A83D-222F97093CEF}.Hybrid|x64.Build.0 = Release|x64
		{A67E1C7D-E58F-4FF6-A83D-222F97093CEF}.Hybrid|x86.ActiveCfg = Release|Win32
		{A67E1C7D-E58F-4FF6-A83D-222F97093CEF}.Hybrid|x86.Build.0 = Release|Win32
		{A67E1C7D-E58F-4FF6-A83D-222F97093CEF}.Release|x64.ActiveCfg = Release|x64
		{A67E1C7D-E58F-4FF6-A83D-222F97093CEF}.Release|x64.Build.0 = Release|x64
		{A67E1C7D-E58F-4FF6-A83D-222F97093CEF}.Release|x86.ActiveCfg = Release|Win32
		{A67E1C7D-E58F-4FF6-A83D-222F97093CEF}.Release|x86.Build.0 = Release|Win32
		{D9A0E299-E72B-4FCF-871C-DF316824D9FA}.Debug|x64.ActiveCfg = Debug|Win32
		{D9A0E299-E72B-4FCF-871C-DF316824D9FA}.Debug|x86.ActiveCfg = Debug|Win32
		{D9A0E299-E72B-4FCF-871C-DF316824D9FA}.Debug|x86.Build.0 = Debug|Win32
		{D9A0E299-E72B-4FCF-871C-DF316824D9FA}.Hybrid|x64.ActiveCfg = Release|Win32
		{D9A0E299-E72B-4FCF-871C-DF316824D9FA}.Hybrid|x64.Build.0 = Release|Win32
		{D9A0E299-E72B-4FCF-871C-DF316824D9FA}.Hybrid|x86.ActiveCfg = Release|Win32
		{D9A0E299-E72B-4FCF-871C-DF316824D9FA}.Hybrid|x86.Build.0 = Release|Win32
		{D9A0E299-E72B-4FCF-871C-DF316824D9FA}.Release|x64.ActiveCfg = Release|Win32
		{D9A0E299-E72B-4FCF-871C-DF316824D9FA}.Release|x86.ActiveCfg = Release|Win32
		{D9A0E299-E72B-4FCF-871C-DF316824D9FA}.Release|x86.Build.0 = Release|Win32
		{F088269F-306D-4E9D-AD84-F0D0C6AE17C2}.Debug|x64.ActiveCfg = Debug|Win32
		{F088269F-306D-4E9D-AD84-F0D0C6AE17C2}.Debug|x86.ActiveCfg = Debug|Win32
		{F088269F-306D-4E9D-AD84-F0D0C6AE17C2}.Debug|x86.Build.0 = Debug|Win32
		{F088269F-306D-4E9D-AD84-F0D0C6AE17C2}.Hybrid|x64.ActiveCfg = Release|Win32
		{F088269F-306D-4E9D-AD84-F0D0C6AE17C2}.Hybrid|x64.Build.0 = Release|Win32
		{F088269F-306D-4E9D-AD84-F0D0C6AE17C2}.Hybrid|x86.ActiveCfg = Release|Win32
		{F088269F-306D-4E9D-AD84-F0D0C6AE17C2}.Hybrid|x86.Build.0 = Release|Win32
		{F088269F-306D-4E9D-AD84-F0D0C6AE17C2}.Release|x64.ActiveCfg = Release|Win32
		{F088269F-306D-4E9D-AD84-F0D0C6AE17C2}.Release|x86.ActiveCfg = Release|Win32
		{F088269F-306D-4E9D-AD84-F0D0C6AE17C2}.Release|x86.Build.0 = Release|Win32
		{581884A0-BCE8-4A3E-BC42-BC2D3E9DE2CB}.Debug|x64.ActiveCfg = Debug|x64
		{581884A0-BCE8-4A3E-BC42-BC2D3E9DE2CB}.Debug|x64.Build.0 = Debug|x64
		{581884A0-BCE8-4A3E-BC42-BC2D3E9DE2CB}.Debug|x86.ActiveCfg = Debug|Win32
		{581884A0-BCE8-4A3E-BC42-BC2D3E9DE2CB}.Debug|x86.Build.0 = Debug|Win32
		{581884A0-BCE8-4A3E-BC42-BC2D3E9DE2CB}.Hybrid|x64.ActiveCfg = Release|x64
		{581884A0-BCE8-4A3E-BC42-BC2D3E9DE2CB}.Hybrid|x64.Build.0 = Release|x64
		{581884A0-BCE8-4A3E-BC42-BC2D3E9DE2CB}.Hybrid|x86.ActiveCfg = Release|Win32
		{581884A0-BCE8-4A3E-BC42-BC2D3E9DE2CB}.Hybrid|x86.Build.0 = Release|Win32
		{581884A0-BCE8-4A3E-BC42-BC2D3E9DE2CB}.Release|x64.ActiveCfg = Release|x64
		{581884A0-BCE8-4A3E-BC42-BC2D3E9DE2CB}.Release|x64.Build.0 = Release|x64
		{581884A0-BCE8-4A3E-BC42-BC2D3E9DE2CB}.Release|x86.ActiveCfg = Release|Win32
		{581884A0-BCE8-4A3E-BC42-BC2D3E9DE2CB}.Release|x86.Build.0 = Release|Win32
		{685B4A62-5017-4981-97A4-8E06760227FF}.Debug|x64.ActiveCfg = Debug|Win32
		{685B4A62-5017-4981-97A4-8E06760227FF}.Debug|x86.ActiveCfg = Debug|Win32
		{685B4A62-5017-4981-97A4-8E06760227FF}.Debug|x86.Build.0 = Debug|Win32
		{685B4A62-5017-4981-97A4-8E06760227FF}.Hybrid|x64.ActiveCfg = Release|Win32
		{685B4A62-5017-4981-97A4-8E06760227FF}.Hybrid|x64.Build.0 = Release|Win32
		{685B4A62-5017-4981-97A4-8E06760227FF}.Hybrid|x86.ActiveCfg = Release|Win32
		{685B4A62-5017-4981-97A4-8E06760227FF}.Hybrid|x86.Build.0 = Release|Win32
		{685B4A62-5017-4981-97A4-8E06760227FF}.Release|x64.ActiveCfg = Release|Win32
		{685B4A62-5017-4981-97A4-8E06760227FF}.Release|x86.ActiveCfg = Release|Win32
		{685B4A62-5017-4981-97A4-8E06760227FF}.Release|x86.Build.0 = Release|Win32
		{46530091-B901-420A-BB9D-A0186BA87633}.Debug|x64.ActiveCfg = Debug|x64
		{46530091-B901-420A-BB9D-A0186BA87633}.Debug|x64.Build.0 = Debug|x64
		{46530091-B901-420A-BB9D-A0186BA87633}.Debug|x86.ActiveCfg = Debug|Win32
		{46530091-B901-420A-BB9D-A0186BA87633}.Debug|x86.Build.0 = Debug|Win32
		{46530091-B901-420A-BB9D-A0186BA87633}.Hybrid|x64.ActiveCfg = Release|x64
		{46530091-B901-420A-BB9D-A0186BA87633}.Hybrid|x64.Build.0 = Release|x64
		{46530091-B901-420A-BB9D-A0186BA87633}.Hybrid|x86.ActiveCfg = Release|Win32
		{46530091-B901-420A-BB9D-A0186BA87633}.Hybrid|x86.Build.0 = Release|Win32
		{46530091-B901-420A-BB9D-A0186BA87633}.Release|x64.ActiveCfg = Release|x64
		{46530091-B901-420A-BB9D-A0186BA87633}.Release|x64.Build.0 = Release|x64
		{46530091-B901-420A-BB9D-A0186BA87633}.Release|x86.ActiveCfg = Release|Win32
		{46530091-B901-420A-BB9D-A0186BA87633}.Release|x86.Build.0 = Release|Win32
		{8E85C8E8-7C86-4983-94A9-57D78962C1C2}.Debug|x64.ActiveCfg = Debug|x64
		{8E85C8E8-7C86-4983-94A9-57D78962C1C2}.Debug|x64.Build.0 = Debug|x64
		{8E85C8E8-7C86-4983-94A9-57D78962C1C2}.Debug|x86.ActiveCfg = Debug|Win32
		{8E85C8E8-7C86-4983-94A9-57D78962C1C2}.Debug|x86.Build.0 = Debug|Win32
		{8E85C8E8-7C86-4983-94A9-57D78962C1C2}.Hybrid|x64.ActiveCfg = Release|x64
		{8E85C8E8-7C86-4983-94A9-57D78962C1C2}.Hybrid|x64.Build.0 = Release|x64
		{8E85C8E8-7C86-4983-94A9-57D78962C1C2}.Hybrid|x86.ActiveCfg = Release|Win32
		{8E85C8E8-7C86-4983-94A9-57D78962C1C2}.Hybrid|x86.Build.0 = Release|Win32
		{8E85C8E8-7C86-4983-94A9-57D78962C1C2}.Release|x64.ActiveCfg = Release|x64
		{8E85C8E8-7C86-4983-94A9-57D78962C1C2}.Release|x64.Build.0 = Release|x64
		{8E85C8E8-7C86-4983-94A9-57D78962C1C2}.Release|x86.ActiveCfg = Release|Win32
		{8E85C8E8-7C86-4983-94A9-57D78962C1C2}.Release|x86.Build.0 = Release|Win32
		{F2DF7E9E-50F7-464A-B0E9-BD9C3EB4139B}.Debug|x64.ActiveCfg = Debug|Win32
		{F2DF7E9E-50F7-464A-B0E9-BD9C3EB4139B}.Debug|x86.ActiveCfg = Debug|Win32
		{F2DF7E9E-50F7-464A-B0E9-BD9C3EB4139B}.Debug|x86.Build.0 = Debug|Win32
		{F2DF7E9E-50F7-464A-B0E9-BD9C3EB4139B}.Hybrid|x64.ActiveCfg = Release|Win32
		{F2DF7E9E-50F7-464A-B0E9-BD9C3EB4139B}.Hybrid|x64.Build.0 = Release|Win32
		{F2DF7E9E-50F7-464A-B0E9-BD9C3EB4139B}.Hybrid|x86.ActiveCfg = Release|Win32
		{F2DF7E9E-50F7-464A-B0E9-BD9C3EB4139B}.Hybrid|x86.Build.0 = Release|Win32
		{F2DF7E9E-50F7-464A-B0E9-BD9C3EB4139B}.Release|x64.ActiveCfg = Release|Win32
		{F2DF7E9E-50F7-464A-B0E9-BD9C3EB4139B}.Release|x86.ActiveCfg = Release|Win32
		{F2DF7E9E-50F7-464A-B0E9-BD9C3EB4139B}.Release|x86.Build.0 = Release|Win32
		{4E51980C-C002-469A-BFEF-41D644284517}.Debug|x64.ActiveCfg = Debug|Win32
		{4E51980C-C002-469A-BFEF-41D644284517}.Debug|x86.ActiveCfg = Debug|Win32
		{4E51980C-C002-469A-BFEF-41D644284517}.Debug|x86.Build.0 = Debug|Win32
		{4E51980C-C002-469A-BFEF-41D644284517}.Hybrid|x64.ActiveCfg = Release|Win32
		{4E51980C-C002-469A-BFEF-41D644284517}.Hybrid|x64.Build.0 = Release|Win32
		{4E51980C-C002-469A-BFEF-41D644284517}.Hybrid|x86.ActiveCfg = Release|Win32
		{4E51980C-C002-469A-BFEF-41D644284517}.Hybrid|x86.Build.0 = Release|Win32
		{4E51980C-C002-469A-BFEF-41D644284517}.Release|x64.ActiveCfg = Release|Win32
		{4E51980C-C002-469A-BFEF-41D644284517}.Release|x86.ActiveCfg = Release|Win32
		{4E51980C-C002-469A-BFEF-41D644284517}.Release|x86.Build.0 = Release|Win32
		{32780450-6EA7-4EA6-9D71-7FDDBB3D7101}.Debug|x64.ActiveCfg = Debug|x64
		{32780450-6EA7-4EA6-9D71-7FDDBB3D7101}.Debug|x64.Build.0 = Debug|x64
		{32780450-6EA7-4EA6-9D71-7FDDBB3D7101}.Debug|x86.ActiveCfg = Debug|Win32
		{32780450-6EA7-4EA6-9D71-7FDDBB3D7101}.Debug|x86.Build.0 = Debug|Win32
		{32780450-6EA7-4EA6-9D71-7FDDBB3D7101}.Hybrid|x64.ActiveCfg = Release|x64
		{32780450-6EA7-4EA6-9D71-7FDDBB3D7101}.Hybrid|x64.Build.0 = Release|x64
		{32780450-6EA7-4EA6-9D71-7FDDBB3D7101}.Hybrid|x86.ActiveCfg = Release|Win32
		{32780450-6EA7-4EA6-9D71-7FDDBB3D7101}.Hybrid|x86.Build.0 = Release|Win32
		{32780450-6EA7-4EA6-9D71-7FDDBB3D7101}.Release|x64.ActiveCfg = Release|x64
		{32780450-6EA7-4EA6-9D71-7FDDBB3D7101}.Release|x64.Build.0 = Release|x64
		{32780450-6EA7-4EA6-9D71-7FDDBB3D7101}.Release|x86.ActiveCfg = Release|Win32
		{32780450-6EA7-4EA6-9D71-7FDDBB3D7101}.Release|x86.Build.0 = Release|Win32
		{AC864A9B-34B5-4995-871D-0AA9DAACCD6E}.Debug|x64.ActiveCfg = Debug|Win32
		{AC864A9B-34B5-4995-871D-0AA9DAACCD6E}.Debug|x86.ActiveCfg = Debug|Win32
		{AC864A9B-34B5-4995-871D-0AA9DAACCD6E}.Debug|x86.Build.0 = Debug|Win32
		{AC864A9B-34B5-4995-871D-0AA9DAACCD6E}.Hybrid|x64.ActiveCfg = Release|Win32
		{AC864A9B-34B5-4995-871D-0AA9DAACCD6E}.Hybrid|x64.Build.0 = Release|Win32
		{AC864A9B-34B5-4995-871D-0AA9DAACCD6E}.Hybrid|x86.ActiveCfg = Release|Win32
		{AC864A9B-34B5-4995-871D-0AA9DAACCD6E}.Hybrid|x86.Build.0 = Release|Win32
		{AC864A9B-34B5-4995-871D-0AA9DAACCD6E}.Release|x64.ActiveCfg = Release|Win32
		{AC864A9B-34B5-4995-871D-0AA9DAACCD6E}.Release|x86.ActiveCfg = Release|Win32
		{AC864A9B-34B5-4995-871D-0AA9DAACCD6E}.Release|x86.Build.0 = Release|Win32
		{668041D6-DB52-4565-BE5C-3C0699329E86}.Debug|x64.ActiveCfg = Debug|x64
		{668041D6-DB52-4565-BE5C-3C0699329E86}.Debug|x64.Build.0 = Debug|x64
		{668041D6-DB52-4565-BE5C-3C0699329E86}.Debug|x86.ActiveCfg = Debug|Win32
		{668041D6-DB52-4565-BE5C-3C0699329E86}.Debug|x86.Build.0 = Debug|Win32
		{668041D6-DB52-4565-BE5C-3C0699329E86}.Hybrid|x64.ActiveCfg = Release|x64
		{668041D6-DB52-4565-BE5C-3C0699329E86}.Hybrid|x64.Build.0 = Release|x64
		{668041D6-DB52-4565-BE5C-3C0699329E86}.Hybrid|x86.ActiveCfg = Release|Win32
		{668041D6-DB52-4565-BE5C-3C0699329E86}.Hybrid|x86.Build.0 = Release|Win32
		{668041D6-DB52-4565-BE5C-3C0699329E86}.Release|x64.ActiveCfg = Release|x64
		{668041D6-DB52-4565-BE5C-3C0699329E86}.Release|x64.Build.0 = Release|x64
		{668041D6-DB52-4565-BE5C-3C0699329E86}.Release|x86.ActiveCfg = Release|Win32
		{668041D6-DB52-4565-BE5C-3C0699329E86}.Release|x86.Build.0 = Release|Win32
	EndGlobalSection
	GlobalSection(SolutionProperties) = preSolution
		HideSolutionNode = FALSE
	EndGlobalSection
	GlobalSection(NestedProjects) = preSolution
		{D80BC546-E88C-4698-B90F-733B2B16DD15} = {196F5741-E7BB-4733-9BEB-C98865B56120}
		{62B09430-89AB-4EAE-9107-DA502BC5270E} = {ABF83074-D40D-44E6-B8BF-7E682CD9275C}
		{D98D7107-299F-4592-90CC-40570A925591} = {196F5741-E7BB-4733-9BEB-C98865B56120}
		{35DB9F83-FF16-45CC-883E-5F2553CDDE0D} = {196F5741-E7BB-4733-9BEB-C98865B56120}
		{109CAE9E-6CDB-462F-BDC5-0DB6CBD7F10C} = {196F5741-E7BB-4733-9BEB-C98865B56120}
		{90A8EBD7-DC71-4143-BA4B-B02EAECA0D44} = {196F5741-E7BB-4733-9BEB-C98865B56120}
		{38521BFF-3E78-4008-A68E-F557075390D1} = {E652D78E-2A59-4F85-ABE1-908424CAC9D1}
		{A925E2E1-94AC-466D-9B61-A8F955EE9C35} = {168B6BAA-0C67-4182-9203-15735F4F8753}
		{676CC919-7A13-4A21-B4B0-7F4509621E94} = {A9D5D675-57FD-43F2-8EEC-B399E499BE02}
		{5E4B3BCF-83BB-44FE-8EC9-51301ABC372E} = {ABF83074-D40D-44E6-B8BF-7E682CD9275C}
		{08641199-2CEA-4047-9025-CCC44C65D56C} = {ABF83074-D40D-44E6-B8BF-7E682CD9275C}
		{1264FFDC-AFB0-46AB-803E-8DCA032F550F} = {ABF83074-D40D-44E6-B8BF-7E682CD9275C}
		{890FB844-596D-4266-9969-35A1654472D3} = {E652D78E-2A59-4F85-ABE1-908424CAC9D1}
		{7C08FAC7-EBB0-4E74-BFD0-548213AE3483} = {E652D78E-2A59-4F85-ABE1-908424CAC9D1}
		{C5B5E30C-8FEC-447A-ACD3-40CC260825E8} = {168B6BAA-0C67-4182-9203-15735F4F8753}
		{8D08CC2F-F51B-4D64-A0A5-2588D8D532C3} = {08C84B95-560B-4C1E-92DC-12F70876C10E}
		{A3F36FAC-CFA4-4228-9676-224AF1354D73} = {08C84B95-560B-4C1E-92DC-12F70876C10E}
		{C0446662-2431-4685-A539-C6B5E64C8937} = {924C030D-11AD-4FAF-8C45-D7B4C3D5E666}
		{AB459733-2189-482B-AEF8-F2827B0DE2C3} = {08C84B95-560B-4C1E-92DC-12F70876C10E}
		{5E747864-7F42-4B99-8832-3BFBED31D866} = {168B6BAA-0C67-4182-9203-15735F4F8753}
		{D075E2BD-D313-4411-87D8-E06B40D5A55A} = {168B6BAA-0C67-4182-9203-15735F4F8753}
		{6A89D4D6-5808-44DC-B297-82BAD7F2AD86} = {168B6BAA-0C67-4182-9203-15735F4F8753}
		{A67E1C7D-E58F-4FF6-A83D-222F97093CEF} = {08C84B95-560B-4C1E-92DC-12F70876C10E}
		{D9A0E299-E72B-4FCF-871C-DF316824D9FA} = {08C84B95-560B-4C1E-92DC-12F70876C10E}
		{F088269F-306D-4E9D-AD84-F0D0C6AE17C2} = {08C84B95-560B-4C1E-92DC-12F70876C10E}
		{581884A0-BCE8-4A3E-BC42-BC2D3E9DE2CB} = {924C030D-11AD-4FAF-8C45-D7B4C3D5E666}
		{685B4A62-5017-4981-97A4-8E06760227FF} = {08C84B95-560B-4C1E-92DC-12F70876C10E}
		{46530091-B901-420A-BB9D-A0186BA87633} = {08C84B95-560B-4C1E-92DC-12F70876C10E}
		{8E85C8E8-7C86-4983-94A9-57D78962C1C2} = {D4342043-8306-4EAA-87E6-AD00DF10DF5B}
		{F2DF7E9E-50F7-464A-B0E9-BD9C3EB4139B} = {D4342043-8306-4EAA-87E6-AD00DF10DF5B}
		{4E51980C-C002-469A-BFEF-41D644284517} = {D4342043-8306-4EAA-87E6-AD00DF10DF5B}
		{32780450-6EA7-4EA6-9D71-7FDDBB3D7101} = {08C84B95-560B-4C1E-92DC-12F70876C10E}
		{AC864A9B-34B5-4995-871D-0AA9DAACCD6E} = {08C84B95-560B-4C1E-92DC-12F70876C10E}
		{668041D6-DB52-4565-BE5C-3C0699329E86} = {08C84B95-560B-4C1E-92DC-12F70876C10E}
	EndGlobalSection
	GlobalSection(ExtensibilityGlobals) = postSolution
		VisualSVNWorkingCopyRoot = .
	EndGlobalSection
EndGlobal
