<?xml version="1.0" encoding="utf-8"?>
<Project ToolsVersion="4.0" xmlns="http://schemas.microsoft.com/developer/msbuild/2003">
  <ItemGroup>
    <ClCompile Include="GSeq.cpp">
      <Filter>GameSequence</Filter>
    </ClCompile>
    <ClCompile Include="GSeqGameEnd.cpp">
      <Filter>GameSequence</Filter>
    </ClCompile>
    <ClCompile Include="GSeqGameOver.cpp">
      <Filter>GameSequence</Filter>
    </ClCompile>
    <ClCompile Include="GSeqHowTo.cpp">
      <Filter>GameSequence</Filter>
    </ClCompile>
    <ClCompile Include="GSeqIntro.cpp">
      <Filter>GameSequence</Filter>
    </ClCompile>
    <ClCompile Include="GSeqMenu.cpp">
      <Filter>GameSequence</Filter>
    </ClCompile>
    <ClCompile Include="GSeqSinglePlay.cpp">
      <Filter>GameSequence</Filter>
    </ClCompile>
    <ClCompile Include="GSeqSurvivalMode.cpp">
      <Filter>GameSequence</Filter>
    </ClCompile>
    <ClCompile Include="GProjMain.cpp">
      <Filter>소스 파일</Filter>
    </ClCompile>
    <ClCompile Include="GSeqLoading.cpp">
      <Filter>GameSequence</Filter>
    </ClCompile>
    <ClCompile Include="GFPSCamera.cpp">
      <Filter>GameCode</Filter>
    </ClCompile>
    <ClCompile Include="GN2Skybox.cpp">
      <Filter>GameCode</Filter>
    </ClCompile>
    <ClCompile Include="GN2Zombie.cpp">
      <Filter>GameCode</Filter>
    </ClCompile>
    <ClCompile Include="GSound.cpp">
      <Filter>GameCode</Filter>
    </ClCompile>
    <ClCompile Include="GEventData.cpp">
      <Filter>GameCode</Filter>
    </ClCompile>
    <ClCompile Include="GSeqSingle1E.cpp">
      <Filter>GameEvent</Filter>
    </ClCompile>
    <ClCompile Include="GSeqSingle1S.cpp">
      <Filter>GameEvent</Filter>
    </ClCompile>
    <ClCompile Include="GSeqSingle2E.cpp">
      <Filter>GameEvent</Filter>
    </ClCompile>
    <ClCompile Include="GSeqSingle2S.cpp">
      <Filter>GameEvent</Filter>
    </ClCompile>
    <ClCompile Include="GSeqSingle3E.cpp">
      <Filter>GameEvent</Filter>
    </ClCompile>
    <ClCompile Include="GSeqSingle3S.cpp">
      <Filter>GameEvent</Filter>
    </ClCompile>
  </ItemGroup>
  <ItemGroup>
    <ClInclude Include="GSeq.h">
      <Filter>GameSequence</Filter>
    </ClInclude>
    <ClInclude Include="GSeqGameEnd.h">
      <Filter>GameSequence</Filter>
    </ClInclude>
    <ClInclude Include="GSeqGameOver.h">
      <Filter>GameSequence</Filter>
    </ClInclude>
    <ClInclude Include="GSeqHowTo.h">
      <Filter>GameSequence</Filter>
    </ClInclude>
    <ClInclude Include="GSeqIntro.h">
      <Filter>GameSequence</Filter>
    </ClInclude>
    <ClInclude Include="GSeqMenu.h">
      <Filter>GameSequence</Filter>
    </ClInclude>
    <ClInclude Include="GSeqSinglePlay.h">
      <Filter>GameSequence</Filter>
    </ClInclude>
    <ClInclude Include="GSeqSurvivalMode.h">
      <Filter>GameSequence</Filter>
    </ClInclude>
    <ClInclude Include="_stdafx.h">
      <Filter>헤더 파일</Filter>
    </ClInclude>
    <ClInclude Include="_resources.h">
      <Filter>헤더 파일</Filter>
    </ClInclude>
    <ClInclude Include="GProjMain.h">
      <Filter>헤더 파일</Filter>
    </ClInclude>
    <ClInclude Include="_values.h">
      <Filter>헤더 파일</Filter>
    </ClInclude>
    <ClInclude Include="GSeqLoading.h">
      <Filter>GameSequence</Filter>
    </ClInclude>
    <ClInclude Include="GFPSCamera.h">
      <Filter>GameCode</Filter>
    </ClInclude>
    <ClInclude Include="GN2Skybox.h">
      <Filter>GameCode</Filter>
    </ClInclude>
    <ClInclude Include="GN2Zombie.h">
      <Filter>GameCode</Filter>
    </ClInclude>
    <ClInclude Include="GSound.h">
      <Filter>GameCode</Filter>
    </ClInclude>
    <ClInclude Include="GEventData.h">
      <Filter>GameCode</Filter>
    </ClInclude>
    <ClInclude Include="GSeqSingle1E.h">
      <Filter>GameEvent</Filter>
    </ClInclude>
    <ClInclude Include="GSeqSingle1S.h">
      <Filter>GameEvent</Filter>
    </ClInclude>
    <ClInclude Include="GSeqSingle2E.h">
      <Filter>GameEvent</Filter>
    </ClInclude>
    <ClInclude Include="GSeqSingle2S.h">
      <Filter>GameEvent</Filter>
    </ClInclude>
    <ClInclude Include="GSeqSingle3E.h">
      <Filter>GameEvent</Filter>
    </ClInclude>
    <ClInclude Include="GSeqSingle3S.h">
      <Filter>GameEvent</Filter>
    </ClInclude>
  </ItemGroup>
  <ItemGroup>
    <Filter Include="GameSequence">
      <UniqueIdentifier>{b30d926f-ee29-4e84-b57a-36fc994bcd6f}</UniqueIdentifier>
    </Filter>
    <Filter Include="소스 파일">
      <UniqueIdentifier>{7c5764b8-19e5-4a1d-9cfd-c89a5c232a27}</UniqueIdentifier>
    </Filter>
    <Filter Include="헤더 파일">
      <UniqueIdentifier>{5e22dd3e-d130-433e-b68b-89ac438f44dc}</UniqueIdentifier>
    </Filter>
    <Filter Include="GameCode">
      <UniqueIdentifier>{a967059e-219d-4909-9cf8-a0d1da788135}</UniqueIdentifier>
    </Filter>
    <Filter Include="GameEvent">
      <UniqueIdentifier>{77a1d8a6-f140-4dcf-a043-b2b946005528}</UniqueIdentifier>
    </Filter>
  </ItemGroup>
</Project>